
Microsoft Visual Studio Solution File, Format Version 12.00
# Visual Studio Version 17
VisualStudioVersion = 17.6.33723.286
MinimumVisualStudioVersion = 10.0.40219.1
Project("{FAE04EC0-301F-11D3-BF4B-00C04F79EFBC}") = "AppTrucoMesaVisual", "AppTrucoMesaVisual.csproj", "{D347F4ED-EA6D-4E16-8A50-28278C810B2D}"
EndProject
Global
	GlobalSection(SolutionConfigurationPlatforms) = preSolution
		Debug|Any CPU = Debug|Any CPU
		Release|Any CPU = Release|Any CPU
	EndGlobalSection
	GlobalSection(ProjectConfigurationPlatforms) = postSolution
		{D347F4ED-EA6D-4E16-8A50-28278C810B2D}.Debug|Any CPU.ActiveCfg = Debug|Any CPU
		{D347F4ED-EA6D-4E16-8A50-28278C810B2D}.Debug|Any CPU.Build.0 = Debug|Any CPU
		{D347F4ED-EA6D-4E16-8A50-28278C810B2D}.Release|Any CPU.ActiveCfg = Release|Any CPU
		{D347F4ED-EA6D-4E16-8A50-28278C810B2D}.Release|Any CPU.Build.0 = Release|Any CPU
	EndGlobalSection
	GlobalSection(SolutionProperties) = preSolution
		HideSolutionNode = FALSE
	EndGlobalSection
	GlobalSection(ExtensibilityGlobals) = postSolution
		SolutionGuid = {3BADC6C6-E2F4-4F99-83B8-3590E463856A}
	EndGlobalSection
EndGlobal
